// !$*UTF8*$!
{
	archiveVersion = 1;
	classes = {
	};
	objectVersion = 46;
	objects = {

/* Begin PBXBuildFile section */
		9390D41718C93A9600203FA3 /* Foundation.framework in Frameworks */ = {isa = PBXBuildFile; fileRef = 9390D41618C93A9600203FA3 /* Foundation.framework */; };
		9390D41918C93A9600203FA3 /* CoreGraphics.framework in Frameworks */ = {isa = PBXBuildFile; fileRef = 9390D41818C93A9600203FA3 /* CoreGraphics.framework */; };
		9390D41B18C93A9600203FA3 /* UIKit.framework in Frameworks */ = {isa = PBXBuildFile; fileRef = 9390D41A18C93A9600203FA3 /* UIKit.framework */; };
		9390D42118C93A9600203FA3 /* InfoPlist.strings in Resources */ = {isa = PBXBuildFile; fileRef = 9390D41F18C93A9600203FA3 /* InfoPlist.strings */; };
		9390D42318C93A9600203FA3 /* main.m in Sources */ = {isa = PBXBuildFile; fileRef = 9390D42218C93A9600203FA3 /* main.m */; };
		9390D42718C93A9600203FA3 /* ALAppDelegate.m in Sources */ = {isa = PBXBuildFile; fileRef = 9390D42618C93A9600203FA3 /* ALAppDelegate.m */; };
		9390D42A18C93A9600203FA3 /* Main.storyboard in Resources */ = {isa = PBXBuildFile; fileRef = 9390D42818C93A9600203FA3 /* Main.storyboard */; };
		9390D42D18C93A9600203FA3 /* ALMasterViewController.m in Sources */ = {isa = PBXBuildFile; fileRef = 9390D42C18C93A9600203FA3 /* ALMasterViewController.m */; };
		9390D43018C93A9600203FA3 /* ALDetailViewController.m in Sources */ = {isa = PBXBuildFile; fileRef = 9390D42F18C93A9600203FA3 /* ALDetailViewController.m */; };
		9390D43218C93A9600203FA3 /* Images.xcassets in Resources */ = {isa = PBXBuildFile; fileRef = 9390D43118C93A9600203FA3 /* Images.xcassets */; };
		9390D43918C93A9600203FA3 /* XCTest.framework in Frameworks */ = {isa = PBXBuildFile; fileRef = 9390D43818C93A9600203FA3 /* XCTest.framework */; };
		9390D43A18C93A9600203FA3 /* Foundation.framework in Frameworks */ = {isa = PBXBuildFile; fileRef = 9390D41618C93A9600203FA3 /* Foundation.framework */; };
		9390D43B18C93A9600203FA3 /* UIKit.framework in Frameworks */ = {isa = PBXBuildFile; fileRef = 9390D41A18C93A9600203FA3 /* UIKit.framework */; };
		9390D44318C93A9600203FA3 /* InfoPlist.strings in Resources */ = {isa = PBXBuildFile; fileRef = 9390D44118C93A9600203FA3 /* InfoPlist.strings */; };
		9390D44518C93A9700203FA3 /* ALGeoFencerTests.m in Sources */ = {isa = PBXBuildFile; fileRef = 9390D44418C93A9700203FA3 /* ALGeoFencerTests.m */; };
		9390D45418C93B5700203FA3 /* ALMonitoredLocation.m in Sources */ = {isa = PBXBuildFile; fileRef = 9390D44F18C93B5700203FA3 /* ALMonitoredLocation.m */; };
		9390D45518C93B5700203FA3 /* ALNewLocationViewController.m in Sources */ = {isa = PBXBuildFile; fileRef = 9390D45118C93B5700203FA3 /* ALNewLocationViewController.m */; };
		9390D45618C93B5700203FA3 /* ALRegionMapViewController.m in Sources */ = {isa = PBXBuildFile; fileRef = 9390D45318C93B5700203FA3 /* ALRegionMapViewController.m */; };
		9390D45818C93B5B00203FA3 /* MapKit.framework in Frameworks */ = {isa = PBXBuildFile; fileRef = 9390D45718C93B5B00203FA3 /* MapKit.framework */; };
		A4821C604D654D798D399CE3 /* libPods.a in Frameworks */ = {isa = PBXBuildFile; fileRef = B78CCFBEB48D45F69F2B55B7 /* libPods.a */; };
/* End PBXBuildFile section */

/* Begin PBXContainerItemProxy section */
		9390D43C18C93A9600203FA3 /* PBXContainerItemProxy */ = {
			isa = PBXContainerItemProxy;
			containerPortal = 9390D40B18C93A9600203FA3 /* Project object */;
			proxyType = 1;
			remoteGlobalIDString = 9390D41218C93A9600203FA3;
			remoteInfo = ALGeoFencer;
		};
/* End PBXContainerItemProxy section */

/* Begin PBXFileReference section */
		9390D41318C93A9600203FA3 /* ALGeoFencer.app */ = {isa = PBXFileReference; explicitFileType = wrapper.application; includeInIndex = 0; path = ALGeoFencer.app; sourceTree = BUILT_PRODUCTS_DIR; };
		9390D41618C93A9600203FA3 /* Foundation.framework */ = {isa = PBXFileReference; lastKnownFileType = wrapper.framework; name = Foundation.framework; path = System/Library/Frameworks/Foundation.framework; sourceTree = SDKROOT; };
		9390D41818C93A9600203FA3 /* CoreGraphics.framework */ = {isa = PBXFileReference; lastKnownFileType = wrapper.framework; name = CoreGraphics.framework; path = System/Library/Frameworks/CoreGraphics.framework; sourceTree = SDKROOT; };
		9390D41A18C93A9600203FA3 /* UIKit.framework */ = {isa = PBXFileReference; lastKnownFileType = wrapper.framework; name = UIKit.framework; path = System/Library/Frameworks/UIKit.framework; sourceTree = SDKROOT; };
		9390D41E18C93A9600203FA3 /* ALGeoFencer-Info.plist */ = {isa = PBXFileReference; lastKnownFileType = text.plist.xml; path = "ALGeoFencer-Info.plist"; sourceTree = "<group>"; };
		9390D42018C93A9600203FA3 /* en */ = {isa = PBXFileReference; lastKnownFileType = text.plist.strings; name = en; path = en.lproj/InfoPlist.strings; sourceTree = "<group>"; };
		9390D42218C93A9600203FA3 /* main.m */ = {isa = PBXFileReference; lastKnownFileType = sourcecode.c.objc; path = main.m; sourceTree = "<group>"; };
		9390D42418C93A9600203FA3 /* ALGeoFencer-Prefix.pch */ = {isa = PBXFileReference; lastKnownFileType = sourcecode.c.h; path = "ALGeoFencer-Prefix.pch"; sourceTree = "<group>"; };
		9390D42518C93A9600203FA3 /* ALAppDelegate.h */ = {isa = PBXFileReference; lastKnownFileType = sourcecode.c.h; path = ALAppDelegate.h; sourceTree = "<group>"; };
		9390D42618C93A9600203FA3 /* ALAppDelegate.m */ = {isa = PBXFileReference; lastKnownFileType = sourcecode.c.objc; path = ALAppDelegate.m; sourceTree = "<group>"; };
		9390D42918C93A9600203FA3 /* Base */ = {isa = PBXFileReference; lastKnownFileType = file.storyboard; name = Base; path = Base.lproj/Main.storyboard; sourceTree = "<group>"; };
		9390D42B18C93A9600203FA3 /* ALMasterViewController.h */ = {isa = PBXFileReference; lastKnownFileType = sourcecode.c.h; path = ALMasterViewController.h; sourceTree = "<group>"; };
		9390D42C18C93A9600203FA3 /* ALMasterViewController.m */ = {isa = PBXFileReference; lastKnownFileType = sourcecode.c.objc; path = ALMasterViewController.m; sourceTree = "<group>"; };
		9390D42E18C93A9600203FA3 /* ALDetailViewController.h */ = {isa = PBXFileReference; lastKnownFileType = sourcecode.c.h; path = ALDetailViewController.h; sourceTree = "<group>"; };
		9390D42F18C93A9600203FA3 /* ALDetailViewController.m */ = {isa = PBXFileReference; lastKnownFileType = sourcecode.c.objc; path = ALDetailViewController.m; sourceTree = "<group>"; };
		9390D43118C93A9600203FA3 /* Images.xcassets */ = {isa = PBXFileReference; lastKnownFileType = folder.assetcatalog; path = Images.xcassets; sourceTree = "<group>"; };
		9390D43718C93A9600203FA3 /* ALGeoFencerTests.xctest */ = {isa = PBXFileReference; explicitFileType = wrapper.cfbundle; includeInIndex = 0; path = ALGeoFencerTests.xctest; sourceTree = BUILT_PRODUCTS_DIR; };
		9390D43818C93A9600203FA3 /* XCTest.framework */ = {isa = PBXFileReference; lastKnownFileType = wrapper.framework; name = XCTest.framework; path = Library/Frameworks/XCTest.framework; sourceTree = DEVELOPER_DIR; };
		9390D44018C93A9600203FA3 /* ALGeoFencerTests-Info.plist */ = {isa = PBXFileReference; lastKnownFileType = text.plist.xml; path = "ALGeoFencerTests-Info.plist"; sourceTree = "<group>"; };
		9390D44218C93A9600203FA3 /* en */ = {isa = PBXFileReference; lastKnownFileType = text.plist.strings; name = en; path = en.lproj/InfoPlist.strings; sourceTree = "<group>"; };
		9390D44418C93A9700203FA3 /* ALGeoFencerTests.m */ = {isa = PBXFileReference; lastKnownFileType = sourcecode.c.objc; path = ALGeoFencerTests.m; sourceTree = "<group>"; };
		9390D44E18C93B5700203FA3 /* ALMonitoredLocation.h */ = {isa = PBXFileReference; fileEncoding = 4; lastKnownFileType = sourcecode.c.h; path = ALMonitoredLocation.h; sourceTree = "<group>"; };
		9390D44F18C93B5700203FA3 /* ALMonitoredLocation.m */ = {isa = PBXFileReference; fileEncoding = 4; lastKnownFileType = sourcecode.c.objc; path = ALMonitoredLocation.m; sourceTree = "<group>"; };
		9390D45018C93B5700203FA3 /* ALNewLocationViewController.h */ = {isa = PBXFileReference; fileEncoding = 4; lastKnownFileType = sourcecode.c.h; path = ALNewLocationViewController.h; sourceTree = "<group>"; };
		9390D45118C93B5700203FA3 /* ALNewLocationViewController.m */ = {isa = PBXFileReference; fileEncoding = 4; lastKnownFileType = sourcecode.c.objc; path = ALNewLocationViewController.m; sourceTree = "<group>"; };
		9390D45218C93B5700203FA3 /* ALRegionMapViewController.h */ = {isa = PBXFileReference; fileEncoding = 4; lastKnownFileType = sourcecode.c.h; path = ALRegionMapViewController.h; sourceTree = "<group>"; };
		9390D45318C93B5700203FA3 /* ALRegionMapViewController.m */ = {isa = PBXFileReference; fileEncoding = 4; lastKnownFileType = sourcecode.c.objc; path = ALRegionMapViewController.m; sourceTree = "<group>"; };
		9390D45718C93B5B00203FA3 /* MapKit.framework */ = {isa = PBXFileReference; lastKnownFileType = wrapper.framework; name = MapKit.framework; path = System/Library/Frameworks/MapKit.framework; sourceTree = SDKROOT; };
		B2862101F14F44859B414B4E /* Pods.xcconfig */ = {isa = PBXFileReference; includeInIndex = 1; lastKnownFileType = text.xcconfig; name = Pods.xcconfig; path = Pods/Pods.xcconfig; sourceTree = "<group>"; };
		B78CCFBEB48D45F69F2B55B7 /* libPods.a */ = {isa = PBXFileReference; explicitFileType = archive.ar; includeInIndex = 0; path = libPods.a; sourceTree = BUILT_PRODUCTS_DIR; };
/* End PBXFileReference section */

/* Begin PBXFrameworksBuildPhase section */
		9390D41018C93A9600203FA3 /* Frameworks */ = {
			isa = PBXFrameworksBuildPhase;
			buildActionMask = 2147483647;
			files = (
				9390D41918C93A9600203FA3 /* CoreGraphics.framework in Frameworks */,
				9390D41B18C93A9600203FA3 /* UIKit.framework in Frameworks */,
				9390D45818C93B5B00203FA3 /* MapKit.framework in Frameworks */,
				9390D41718C93A9600203FA3 /* Foundation.framework in Frameworks */,
				A4821C604D654D798D399CE3 /* libPods.a in Frameworks */,
			);
			runOnlyForDeploymentPostprocessing = 0;
		};
		9390D43418C93A9600203FA3 /* Frameworks */ = {
			isa = PBXFrameworksBuildPhase;
			buildActionMask = 2147483647;
			files = (
				9390D43918C93A9600203FA3 /* XCTest.framework in Frameworks */,
				9390D43B18C93A9600203FA3 /* UIKit.framework in Frameworks */,
				9390D43A18C93A9600203FA3 /* Foundation.framework in Frameworks */,
			);
			runOnlyForDeploymentPostprocessing = 0;
		};
/* End PBXFrameworksBuildPhase section */

/* Begin PBXGroup section */
		9390D40A18C93A9600203FA3 = {
			isa = PBXGroup;
			children = (
				9390D41C18C93A9600203FA3 /* ALGeoFencer */,
				9390D43E18C93A9600203FA3 /* ALGeoFencerTests */,
				9390D41518C93A9600203FA3 /* Frameworks */,
				9390D41418C93A9600203FA3 /* Products */,
				B2862101F14F44859B414B4E /* Pods.xcconfig */,
			);
			sourceTree = "<group>";
		};
		9390D41418C93A9600203FA3 /* Products */ = {
			isa = PBXGroup;
			children = (
				9390D41318C93A9600203FA3 /* ALGeoFencer.app */,
				9390D43718C93A9600203FA3 /* ALGeoFencerTests.xctest */,
			);
			name = Products;
			sourceTree = "<group>";
		};
		9390D41518C93A9600203FA3 /* Frameworks */ = {
			isa = PBXGroup;
			children = (
				9390D45718C93B5B00203FA3 /* MapKit.framework */,
				9390D41618C93A9600203FA3 /* Foundation.framework */,
				9390D41818C93A9600203FA3 /* CoreGraphics.framework */,
				9390D41A18C93A9600203FA3 /* UIKit.framework */,
				9390D43818C93A9600203FA3 /* XCTest.framework */,
				B78CCFBEB48D45F69F2B55B7 /* libPods.a */,
			);
			name = Frameworks;
			sourceTree = "<group>";
		};
		9390D41C18C93A9600203FA3 /* ALGeoFencer */ = {
			isa = PBXGroup;
			children = (
				9390D42518C93A9600203FA3 /* ALAppDelegate.h */,
				9390D42618C93A9600203FA3 /* ALAppDelegate.m */,
				9390D42818C93A9600203FA3 /* Main.storyboard */,
				9390D42B18C93A9600203FA3 /* ALMasterViewController.h */,
				9390D42C18C93A9600203FA3 /* ALMasterViewController.m */,
				9390D44E18C93B5700203FA3 /* ALMonitoredLocation.h */,
				9390D44F18C93B5700203FA3 /* ALMonitoredLocation.m */,
				9390D45018C93B5700203FA3 /* ALNewLocationViewController.h */,
				9390D45118C93B5700203FA3 /* ALNewLocationViewController.m */,
				9390D45218C93B5700203FA3 /* ALRegionMapViewController.h */,
				9390D45318C93B5700203FA3 /* ALRegionMapViewController.m */,
				9390D42E18C93A9600203FA3 /* ALDetailViewController.h */,
				9390D42F18C93A9600203FA3 /* ALDetailViewController.m */,
				9390D43118C93A9600203FA3 /* Images.xcassets */,
				9390D41D18C93A9600203FA3 /* Supporting Files */,
			);
			path = ALGeoFencer;
			sourceTree = "<group>";
		};
		9390D41D18C93A9600203FA3 /* Supporting Files */ = {
			isa = PBXGroup;
			children = (
				9390D41E18C93A9600203FA3 /* ALGeoFencer-Info.plist */,
				9390D41F18C93A9600203FA3 /* InfoPlist.strings */,
				9390D42218C93A9600203FA3 /* main.m */,
				9390D42418C93A9600203FA3 /* ALGeoFencer-Prefix.pch */,
			);
			name = "Supporting Files";
			sourceTree = "<group>";
		};
		9390D43E18C93A9600203FA3 /* ALGeoFencerTests */ = {
			isa = PBXGroup;
			children = (
				9390D44418C93A9700203FA3 /* ALGeoFencerTests.m */,
				9390D43F18C93A9600203FA3 /* Supporting Files */,
			);
			path = ALGeoFencerTests;
			sourceTree = "<group>";
		};
		9390D43F18C93A9600203FA3 /* Supporting Files */ = {
			isa = PBXGroup;
			children = (
				9390D44018C93A9600203FA3 /* ALGeoFencerTests-Info.plist */,
				9390D44118C93A9600203FA3 /* InfoPlist.strings */,
			);
			name = "Supporting Files";
			sourceTree = "<group>";
		};
/* End PBXGroup section */

/* Begin PBXNativeTarget section */
		9390D41218C93A9600203FA3 /* ALGeoFencer */ = {
			isa = PBXNativeTarget;
			buildConfigurationList = 9390D44818C93A9700203FA3 /* Build configuration list for PBXNativeTarget "ALGeoFencer" */;
			buildPhases = (
				E02799F7447B480BBC66DCF7 /* Check Pods Manifest.lock */,
				9390D40F18C93A9600203FA3 /* Sources */,
				9390D41018C93A9600203FA3 /* Frameworks */,
				9390D41118C93A9600203FA3 /* Resources */,
				E6F43F691FCC4715BBBA29C6 /* Copy Pods Resources */,
			);
			buildRules = (
			);
			dependencies = (
			);
			name = ALGeoFencer;
			productName = ALGeoFencer;
			productReference = 9390D41318C93A9600203FA3 /* ALGeoFencer.app */;
			productType = "com.apple.product-type.application";
		};
		9390D43618C93A9600203FA3 /* ALGeoFencerTests */ = {
			isa = PBXNativeTarget;
			buildConfigurationList = 9390D44B18C93A9700203FA3 /* Build configuration list for PBXNativeTarget "ALGeoFencerTests" */;
			buildPhases = (
				9390D43318C93A9600203FA3 /* Sources */,
				9390D43418C93A9600203FA3 /* Frameworks */,
				9390D43518C93A9600203FA3 /* Resources */,
			);
			buildRules = (
			);
			dependencies = (
				9390D43D18C93A9600203FA3 /* PBXTargetDependency */,
			);
			name = ALGeoFencerTests;
			productName = ALGeoFencerTests;
			productReference = 9390D43718C93A9600203FA3 /* ALGeoFencerTests.xctest */;
			productType = "com.apple.product-type.bundle.unit-test";
		};
/* End PBXNativeTarget section */

/* Begin PBXProject section */
		9390D40B18C93A9600203FA3 /* Project object */ = {
			isa = PBXProject;
			attributes = {
				CLASSPREFIX = AL;
				LastUpgradeCheck = 0500;
				ORGANIZATIONNAME = apartmentlist;
				TargetAttributes = {
					9390D41218C93A9600203FA3 = {
						SystemCapabilities = {
							com.apple.iOS = {
								enabled = 1;
							};
						};
					};
					9390D43618C93A9600203FA3 = {
						TestTargetID = 9390D41218C93A9600203FA3;
					};
				};
			};
			buildConfigurationList = 9390D40E18C93A9600203FA3 /* Build configuration list for PBXProject "ALGeoFencer" */;
			compatibilityVersion = "Xcode 3.2";
			developmentRegion = English;
			hasScannedForEncodings = 0;
			knownRegions = (
				en,
				Base,
			);
			mainGroup = 9390D40A18C93A9600203FA3;
			productRefGroup = 9390D41418C93A9600203FA3 /* Products */;
			projectDirPath = "";
			projectRoot = "";
			targets = (
				9390D41218C93A9600203FA3 /* ALGeoFencer */,
				9390D43618C93A9600203FA3 /* ALGeoFencerTests */,
			);
		};
/* End PBXProject section */

/* Begin PBXResourcesBuildPhase section */
		9390D41118C93A9600203FA3 /* Resources */ = {
			isa = PBXResourcesBuildPhase;
			buildActionMask = 2147483647;
			files = (
				9390D43218C93A9600203FA3 /* Images.xcassets in Resources */,
				9390D42118C93A9600203FA3 /* InfoPlist.strings in Resources */,
				9390D42A18C93A9600203FA3 /* Main.storyboard in Resources */,
			);
			runOnlyForDeploymentPostprocessing = 0;
		};
		9390D43518C93A9600203FA3 /* Resources */ = {
			isa = PBXResourcesBuildPhase;
			buildActionMask = 2147483647;
			files = (
				9390D44318C93A9600203FA3 /* InfoPlist.strings in Resources */,
			);
			runOnlyForDeploymentPostprocessing = 0;
		};
/* End PBXResourcesBuildPhase section */

/* Begin PBXShellScriptBuildPhase section */
		E02799F7447B480BBC66DCF7 /* Check Pods Manifest.lock */ = {
			isa = PBXShellScriptBuildPhase;
			buildActionMask = 2147483647;
			files = (
			);
			inputPaths = (
			);
			name = "Check Pods Manifest.lock";
			outputPaths = (
			);
			runOnlyForDeploymentPostprocessing = 0;
			shellPath = /bin/sh;
			shellScript = "diff \"${PODS_ROOT}/../Podfile.lock\" \"${PODS_ROOT}/Manifest.lock\" > /dev/null\nif [[ $? != 0 ]] ; then\n    cat << EOM\nerror: The sandbox is not in sync with the Podfile.lock. Run 'pod install' or update your CocoaPods installation.\nEOM\n    exit 1\nfi\n";
			showEnvVarsInLog = 0;
		};
		E6F43F691FCC4715BBBA29C6 /* Copy Pods Resources */ = {
			isa = PBXShellScriptBuildPhase;
			buildActionMask = 2147483647;
			files = (
			);
			inputPaths = (
			);
			name = "Copy Pods Resources";
			outputPaths = (
			);
			runOnlyForDeploymentPostprocessing = 0;
			shellPath = /bin/sh;
			shellScript = "\"${SRCROOT}/Pods/Pods-resources.sh\"\n";
			showEnvVarsInLog = 0;
		};
/* End PBXShellScriptBuildPhase section */

/* Begin PBXSourcesBuildPhase section */
		9390D40F18C93A9600203FA3 /* Sources */ = {
			isa = PBXSourcesBuildPhase;
			buildActionMask = 2147483647;
			files = (
				9390D42D18C93A9600203FA3 /* ALMasterViewController.m in Sources */,
				9390D45518C93B5700203FA3 /* ALNewLocationViewController.m in Sources */,
				9390D45418C93B5700203FA3 /* ALMonitoredLocation.m in Sources */,
				9390D45618C93B5700203FA3 /* ALRegionMapViewController.m in Sources */,
				9390D42318C93A9600203FA3 /* main.m in Sources */,
				9390D43018C93A9600203FA3 /* ALDetailViewController.m in Sources */,
				9390D42718C93A9600203FA3 /* ALAppDelegate.m in Sources */,
			);
			runOnlyForDeploymentPostprocessing = 0;
		};
		9390D43318C93A9600203FA3 /* Sources */ = {
			isa = PBXSourcesBuildPhase;
			buildActionMask = 2147483647;
			files = (
				9390D44518C93A9700203FA3 /* ALGeoFencerTests.m in Sources */,
			);
			runOnlyForDeploymentPostprocessing = 0;
		};
/* End PBXSourcesBuildPhase section */

/* Begin PBXTargetDependency section */
		9390D43D18C93A9600203FA3 /* PBXTargetDependency */ = {
			isa = PBXTargetDependency;
			target = 9390D41218C93A9600203FA3 /* ALGeoFencer */;
			targetProxy = 9390D43C18C93A9600203FA3 /* PBXContainerItemProxy */;
		};
/* End PBXTargetDependency section */

/* Begin PBXVariantGroup section */
		9390D41F18C93A9600203FA3 /* InfoPlist.strings */ = {
			isa = PBXVariantGroup;
			children = (
				9390D42018C93A9600203FA3 /* en */,
			);
			name = InfoPlist.strings;
			sourceTree = "<group>";
		};
		9390D42818C93A9600203FA3 /* Main.storyboard */ = {
			isa = PBXVariantGroup;
			children = (
				9390D42918C93A9600203FA3 /* Base */,
			);
			name = Main.storyboard;
			sourceTree = "<group>";
		};
		9390D44118C93A9600203FA3 /* InfoPlist.strings */ = {
			isa = PBXVariantGroup;
			children = (
				9390D44218C93A9600203FA3 /* en */,
			);
			name = InfoPlist.strings;
			sourceTree = "<group>";
		};
/* End PBXVariantGroup section */

/* Begin XCBuildConfiguration section */
		9390D44618C93A9700203FA3 /* Debug */ = {
			isa = XCBuildConfiguration;
			buildSettings = {
				ALWAYS_SEARCH_USER_PATHS = NO;
				ARCHS = "$(ARCHS_STANDARD_INCLUDING_64_BIT)";
				CLANG_CXX_LANGUAGE_STANDARD = "gnu++0x";
				CLANG_CXX_LIBRARY = "libc++";
				CLANG_ENABLE_MODULES = YES;
				CLANG_ENABLE_OBJC_ARC = YES;
				CLANG_WARN_BOOL_CONVERSION = YES;
				CLANG_WARN_CONSTANT_CONVERSION = YES;
				CLANG_WARN_DIRECT_OBJC_ISA_USAGE = YES_ERROR;
				CLANG_WARN_EMPTY_BODY = YES;
				CLANG_WARN_ENUM_CONVERSION = YES;
				CLANG_WARN_INT_CONVERSION = YES;
				CLANG_WARN_OBJC_ROOT_CLASS = YES_ERROR;
				CLANG_WARN__DUPLICATE_METHOD_MATCH = YES;
				"CODE_SIGN_IDENTITY[sdk=iphoneos*]" = "iPhone Developer";
				COPY_PHASE_STRIP = NO;
				GCC_C_LANGUAGE_STANDARD = gnu99;
				GCC_DYNAMIC_NO_PIC = NO;
				GCC_OPTIMIZATION_LEVEL = 0;
				GCC_PREPROCESSOR_DEFINITIONS = (
					"DEBUG=1",
					"$(inherited)",
				);
				GCC_SYMBOLS_PRIVATE_EXTERN = NO;
				GCC_WARN_64_TO_32_BIT_CONVERSION = YES;
				GCC_WARN_ABOUT_RETURN_TYPE = YES_ERROR;
				GCC_WARN_UNDECLARED_SELECTOR = YES;
				GCC_WARN_UNINITIALIZED_AUTOS = YES;
				GCC_WARN_UNUSED_FUNCTION = YES;
				GCC_WARN_UNUSED_VARIABLE = YES;
				IPHONEOS_DEPLOYMENT_TARGET = 7.0;
				ONLY_ACTIVE_ARCH = YES;
				SDKROOT = iphoneos;
			};
			name = Debug;
		};
		9390D44718C93A9700203FA3 /* Release */ = {
			isa = XCBuildConfiguration;
			buildSettings = {
				ALWAYS_SEARCH_USER_PATHS = NO;
				ARCHS = "$(ARCHS_STANDARD_INCLUDING_64_BIT)";
				CLANG_CXX_LANGUAGE_STANDARD = "gnu++0x";
				CLANG_CXX_LIBRARY = "libc++";
				CLANG_ENABLE_MODULES = YES;
				CLANG_ENABLE_OBJC_ARC = YES;
				CLANG_WARN_BOOL_CONVERSION = YES;
				CLANG_WARN_CONSTANT_CONVERSION = YES;
				CLANG_WARN_DIRECT_OBJC_ISA_USAGE = YES_ERROR;
				CLANG_WARN_EMPTY_BODY = YES;
				CLANG_WARN_ENUM_CONVERSION = YES;
				CLANG_WARN_INT_CONVERSION = YES;
				CLANG_WARN_OBJC_ROOT_CLASS = YES_ERROR;
				CLANG_WARN__DUPLICATE_METHOD_MATCH = YES;
				"CODE_SIGN_IDENTITY[sdk=iphoneos*]" = "iPhone Developer";
				COPY_PHASE_STRIP = YES;
				ENABLE_NS_ASSERTIONS = NO;
				GCC_C_LANGUAGE_STANDARD = gnu99;
				GCC_WARN_64_TO_32_BIT_CONVERSION = YES;
				GCC_WARN_ABOUT_RETURN_TYPE = YES_ERROR;
				GCC_WARN_UNDECLARED_SELECTOR = YES;
				GCC_WARN_UNINITIALIZED_AUTOS = YES;
				GCC_WARN_UNUSED_FUNCTION = YES;
				GCC_WARN_UNUSED_VARIABLE = YES;
				IPHONEOS_DEPLOYMENT_TARGET = 7.0;
				SDKROOT = iphoneos;
				VALIDATE_PRODUCT = YES;
			};
			name = Release;
		};
		9390D44918C93A9700203FA3 /* Debug */ = {
			isa = XCBuildConfiguration;
			baseConfigurationReference = B2862101F14F44859B414B4E /* Pods.xcconfig */;
			buildSettings = {
				ASSETCATALOG_COMPILER_APPICON_NAME = AppIcon;
				ASSETCATALOG_COMPILER_LAUNCHIMAGE_NAME = LaunchImage;
				GCC_PRECOMPILE_PREFIX_HEADER = YES;
				GCC_PREFIX_HEADER = "ALGeoFencer/ALGeoFencer-Prefix.pch";
				INFOPLIST_FILE = "ALGeoFencer/ALGeoFencer-Info.plist";
				PRODUCT_NAME = "$(TARGET_NAME)";
				WRAPPER_EXTENSION = app;
			};
			name = Debug;
		};
		9390D44A18C93A9700203FA3 /* Release */ = {
			isa = XCBuildConfiguration;
			baseConfigurationReference = B2862101F14F44859B414B4E /* Pods.xcconfig */;
			buildSettings = {
				ASSETCATALOG_COMPILER_APPICON_NAME = AppIcon;
				ASSETCATALOG_COMPILER_LAUNCHIMAGE_NAME = LaunchImage;
				GCC_PRECOMPILE_PREFIX_HEADER = YES;
				GCC_PREFIX_HEADER = "ALGeoFencer/ALGeoFencer-Prefix.pch";
				INFOPLIST_FILE = "ALGeoFencer/ALGeoFencer-Info.plist";
				PRODUCT_NAME = "$(TARGET_NAME)";
				WRAPPER_EXTENSION = app;
			};
			name = Release;
		};
		9390D44C18C93A9700203FA3 /* Debug */ = {
			isa = XCBuildConfiguration;
			buildSettings = {
				ARCHS = "$(ARCHS_STANDARD_INCLUDING_64_BIT)";
				BUNDLE_LOADER = "$(BUILT_PRODUCTS_DIR)/ALGeoFencer.app/ALGeoFencer";
				FRAMEWORK_SEARCH_PATHS = (
					"$(SDKROOT)/Developer/Library/Frameworks",
					"$(inherited)",
					"$(DEVELOPER_FRAMEWORKS_DIR)",
				);
				GCC_PRECOMPILE_PREFIX_HEADER = YES;
				GCC_PREFIX_HEADER = "ALGeoFencer/ALGeoFencer-Prefix.pch";
				GCC_PREPROCESSOR_DEFINITIONS = (
					"DEBUG=1",
					"$(inherited)",
				);
				INFOPLIST_FILE = "ALGeoFencerTests/ALGeoFencerTests-Info.plist";
				PRODUCT_NAME = "$(TARGET_NAME)";
				TEST_HOST = "$(BUNDLE_LOADER)";
				WRAPPER_EXTENSION = xctest;
			};
			name = Debug;
		};
		9390D44D18C93A9700203FA3 /* Release */ = {
			isa = XCBuildConfiguration;
			buildSettings = {
				ARCHS = "$(ARCHS_STANDARD_INCLUDING_64_BIT)";
				BUNDLE_LOADER = "$(BUILT_PRODUCTS_DIR)/ALGeoFencer.app/ALGeoFencer";
				FRAMEWORK_SEARCH_PATHS = (
					"$(SDKROOT)/Developer/Library/Frameworks",
					"$(inherited)",
					"$(DEVELOPER_FRAMEWORKS_DIR)",
				);
				GCC_PRECOMPILE_PREFIX_HEADER = YES;
				GCC_PREFIX_HEADER = "ALGeoFencer/ALGeoFencer-Prefix.pch";
				INFOPLIST_FILE = "ALGeoFencerTests/ALGeoFencerTests-Info.plist";
				PRODUCT_NAME = "$(TARGET_NAME)";
				TEST_HOST = "$(BUNDLE_LOADER)";
				WRAPPER_EXTENSION = xctest;
			};
			name = Release;
		};
/* End XCBuildConfiguration section */

/* Begin XCConfigurationList section */
		9390D40E18C93A9600203FA3 /* Build configuration list for PBXProject "ALGeoFencer" */ = {
			isa = XCConfigurationList;
			buildConfigurations = (
				9390D44618C93A9700203FA3 /* Debug */,
				9390D44718C93A9700203FA3 /* Release */,
			);
			defaultConfigurationIsVisible = 0;
			defaultConfigurationName = Release;
		};
		9390D44818C93A9700203FA3 /* Build configuration list for PBXNativeTarget "ALGeoFencer" */ = {
			isa = XCConfigurationList;
			buildConfigurations = (
				9390D44918C93A9700203FA3 /* Debug */,
				9390D44A18C93A9700203FA3 /* Release */,
			);
			defaultConfigurationIsVisible = 0;
			defaultConfigurationName = Release;
		};
		9390D44B18C93A9700203FA3 /* Build configuration list for PBXNativeTarget "ALGeoFencerTests" */ = {
			isa = XCConfigurationList;
			buildConfigurations = (
				9390D44C18C93A9700203FA3 /* Debug */,
				9390D44D18C93A9700203FA3 /* Release */,
			);
			defaultConfigurationIsVisible = 0;
			defaultConfigurationName = Release;
		};
/* End XCConfigurationList section */
	};
	rootObject = 9390D40B18C93A9600203FA3 /* Project object */;
}
